
Microsoft Visual Studio Solution File, Format Version 12.00
# Visual Studio Version 17
VisualStudioVersion = 17.6.33815.320
MinimumVisualStudioVersion = 10.0.40219.1
Project("{FAE04EC0-301F-11D3-BF4B-00C04F79EFBC}") = "cu aula 1", "cu aula 1\cu aula 1.csproj", "{92DF67FB-9E01-44D5-B622-97278373FE26}"
EndProject
Global
	GlobalSection(SolutionConfigurationPlatforms) = preSolution
		Debug|Any CPU = Debug|Any CPU
		Release|Any CPU = Release|Any CPU
	EndGlobalSection
	GlobalSection(ProjectConfigurationPlatforms) = postSolution
		{92DF67FB-9E01-44D5-B622-97278373FE26}.Debug|Any CPU.ActiveCfg = Debug|Any CPU
		{92DF67FB-9E01-44D5-B622-97278373FE26}.Debug|Any CPU.Build.0 = Debug|Any CPU
		{92DF67FB-9E01-44D5-B622-97278373FE26}.Release|Any CPU.ActiveCfg = Release|Any CPU
		{92DF67FB-9E01-44D5-B622-97278373FE26}.Release|Any CPU.Build.0 = Release|Any CPU
	EndGlobalSection
	GlobalSection(SolutionProperties) = preSolution
		HideSolutionNode = FALSE
	EndGlobalSection
	GlobalSection(ExtensibilityGlobals) = postSolution
		SolutionGuid = {92A99D80-E15E-4025-A89D-CA0C64F3F900}
	EndGlobalSection
EndGlobal
